
Microsoft Visual Studio Solution File, Format Version 12.00
# Visual Studio Version 17
VisualStudioVersion = 17.7.34003.232
MinimumVisualStudioVersion = 10.0.40219.1
Project("{FAE04EC0-301F-11D3-BF4B-00C04F79EFBC}") = "OOP_Assignment_2", "OOP_Assignment_2\OOP_Assignment_2.csproj", "{06E8CB05-3092-41F8-B1AD-81E768DB0E49}"
EndProject
Project("{FAE04EC0-301F-11D3-BF4B-00C04F79EFBC}") = "AssignmentTests", "AssignmentTests\AssignmentTests.csproj", "{437435D3-2A12-4A3F-B641-17E688EDC4FF}"
EndProject
Global
	GlobalSection(SolutionConfigurationPlatforms) = preSolution
		Debug|Any CPU = Debug|Any CPU
		Release|Any CPU = Release|Any CPU
	EndGlobalSection
	GlobalSection(ProjectConfigurationPlatforms) = postSolution
		{06E8CB05-3092-41F8-B1AD-81E768DB0E49}.Debug|Any CPU.ActiveCfg = Debug|Any CPU
		{06E8CB05-3092-41F8-B1AD-81E768DB0E49}.Debug|Any CPU.Build.0 = Debug|Any CPU
		{06E8CB05-3092-41F8-B1AD-81E768DB0E49}.Release|Any CPU.ActiveCfg = Release|Any CPU
		{06E8CB05-3092-41F8-B1AD-81E768DB0E49}.Release|Any CPU.Build.0 = Release|Any CPU
		{437435D3-2A12-4A3F-B641-17E688EDC4FF}.Debug|Any CPU.ActiveCfg = Debug|Any CPU
		{437435D3-2A12-4A3F-B641-17E688EDC4FF}.Debug|Any CPU.Build.0 = Debug|Any CPU
		{437435D3-2A12-4A3F-B641-17E688EDC4FF}.Release|Any CPU.ActiveCfg = Release|Any CPU
		{437435D3-2A12-4A3F-B641-17E688EDC4FF}.Release|Any CPU.Build.0 = Release|Any CPU
	EndGlobalSection
	GlobalSection(SolutionProperties) = preSolution
		HideSolutionNode = FALSE
	EndGlobalSection
	GlobalSection(ExtensibilityGlobals) = postSolution
		SolutionGuid = {A094CC63-EBB4-42D6-996A-E3486367FBDF}
	EndGlobalSection
EndGlobal
